
Microsoft Visual Studio Solution File, Format Version 12.00
# Visual Studio 15
VisualStudioVersion = 15.0.27428.2037
MinimumVisualStudioVersion = 10.0.40219.1
Project("{8BC9CEB8-8B4A-11D0-8D11-00A0C91BC942}") = "三者取中", "三者取中\三者取中.vcxproj", "{B4236261-B54C-479A-8F93-3B77AA0E5F4A}"
EndProject
Global
	GlobalSection(SolutionConfigurationPlatforms) = preSolution
		Debug|x64 = Debug|x64
		Debug|x86 = Debug|x86
		Release|x64 = Release|x64
		Release|x86 = Release|x86
	EndGlobalSection
	GlobalSection(ProjectConfigurationPlatforms) = postSolution
		{B4236261-B54C-479A-8F93-3B77AA0E5F4A}.Debug|x64.ActiveCfg = Debug|x64
		{B4236261-B54C-479A-8F93-3B77AA0E5F4A}.Debug|x64.Build.0 = Debug|x64
		{B4236261-B54C-479A-8F93-3B77AA0E5F4A}.Debug|x86.ActiveCfg = Debug|Win32
		{B4236261-B54C-479A-8F93-3B77AA0E5F4A}.Debug|x86.Build.0 = Debug|Win32
		{B4236261-B54C-479A-8F93-3B77AA0E5F4A}.Release|x64.ActiveCfg = Release|x64
		{B4236261-B54C-479A-8F93-3B77AA0E5F4A}.Release|x64.Build.0 = Release|x64
		{B4236261-B54C-479A-8F93-3B77AA0E5F4A}.Release|x86.ActiveCfg = Release|Win32
		{B4236261-B54C-479A-8F93-3B77AA0E5F4A}.Release|x86.Build.0 = Release|Win32
	EndGlobalSection
	GlobalSection(SolutionProperties) = preSolution
		HideSolutionNode = FALSE
	EndGlobalSection
	GlobalSection(ExtensibilityGlobals) = postSolution
		SolutionGuid = {CE0AA6FC-F8DD-4FB0-9504-A2CBDFBA7989}
	EndGlobalSection
EndGlobal
