
Microsoft Visual Studio Solution File, Format Version 12.00
# Visual Studio 15
VisualStudioVersion = 15.0.27703.2026
MinimumVisualStudioVersion = 10.0.40219.1
Project("{8BC9CEB8-8B4A-11D0-8D11-00A0C91BC942}") = "最优二叉树搜索", "最优二叉树搜索\最优二叉树搜索.vcxproj", "{C07314CD-D56E-4C63-A457-114E744F37EE}"
EndProject
Global
	GlobalSection(SolutionConfigurationPlatforms) = preSolution
		Debug|x64 = Debug|x64
		Debug|x86 = Debug|x86
		Release|x64 = Release|x64
		Release|x86 = Release|x86
	EndGlobalSection
	GlobalSection(ProjectConfigurationPlatforms) = postSolution
		{C07314CD-D56E-4C63-A457-114E744F37EE}.Debug|x64.ActiveCfg = Debug|x64
		{C07314CD-D56E-4C63-A457-114E744F37EE}.Debug|x64.Build.0 = Debug|x64
		{C07314CD-D56E-4C63-A457-114E744F37EE}.Debug|x86.ActiveCfg = Debug|Win32
		{C07314CD-D56E-4C63-A457-114E744F37EE}.Debug|x86.Build.0 = Debug|Win32
		{C07314CD-D56E-4C63-A457-114E744F37EE}.Release|x64.ActiveCfg = Release|x64
		{C07314CD-D56E-4C63-A457-114E744F37EE}.Release|x64.Build.0 = Release|x64
		{C07314CD-D56E-4C63-A457-114E744F37EE}.Release|x86.ActiveCfg = Release|Win32
		{C07314CD-D56E-4C63-A457-114E744F37EE}.Release|x86.Build.0 = Release|Win32
	EndGlobalSection
	GlobalSection(SolutionProperties) = preSolution
		HideSolutionNode = FALSE
	EndGlobalSection
	GlobalSection(ExtensibilityGlobals) = postSolution
		SolutionGuid = {782EC11E-55F1-4719-AA71-45D11D884A1E}
	EndGlobalSection
EndGlobal
